// !$*UTF8*$!
{
	archiveVersion = 1;
	classes = {
	};
	objectVersion = 56;
	objects = {

/* Begin PBXBuildFile section */
		895899542A9C1DA400F1BF8B /* AppDelegate.swift in Sources */ = {isa = PBXBuildFile; fileRef = 895899532A9C1DA400F1BF8B /* AppDelegate.swift */; };
		895899562A9C1DA400F1BF8B /* SceneDelegate.swift in Sources */ = {isa = PBXBuildFile; fileRef = 895899552A9C1DA400F1BF8B /* SceneDelegate.swift */; };
		895899582A9C1DA400F1BF8B /* AddViewController.swift in Sources */ = {isa = PBXBuildFile; fileRef = 895899572A9C1DA400F1BF8B /* AddViewController.swift */; };
		8958995D2A9C1DA500F1BF8B /* Assets.xcassets in Resources */ = {isa = PBXBuildFile; fileRef = 8958995C2A9C1DA500F1BF8B /* Assets.xcassets */; };
		895899602A9C1DA500F1BF8B /* LaunchScreen.storyboard in Resources */ = {isa = PBXBuildFile; fileRef = 8958995E2A9C1DA500F1BF8B /* LaunchScreen.storyboard */; };
		895899692A9C1E3300F1BF8B /* SnapKit in Frameworks */ = {isa = PBXBuildFile; productRef = 895899682A9C1E3300F1BF8B /* SnapKit */; };
		8958996B2A9C243200F1BF8B /* BaseViewController.swift in Sources */ = {isa = PBXBuildFile; fileRef = 8958996A2A9C243200F1BF8B /* BaseViewController.swift */; };
		8958996F2A9C276200F1BF8B /* SearchViewController.swift in Sources */ = {isa = PBXBuildFile; fileRef = 8958996E2A9C276200F1BF8B /* SearchViewController.swift */; };
		895899712A9C2EC700F1BF8B /* BaseView.swift in Sources */ = {isa = PBXBuildFile; fileRef = 895899702A9C2EC700F1BF8B /* BaseView.swift */; };
		895899742A9C300600F1BF8B /* AddView.swift in Sources */ = {isa = PBXBuildFile; fileRef = 895899732A9C300600F1BF8B /* AddView.swift */; };
		895899762A9C337B00F1BF8B /* SearchView.swift in Sources */ = {isa = PBXBuildFile; fileRef = 895899752A9C337B00F1BF8B /* SearchView.swift */; };
		895899782A9C365A00F1BF8B /* BaseCollectionViewCell.swift in Sources */ = {isa = PBXBuildFile; fileRef = 895899772A9C365A00F1BF8B /* BaseCollectionViewCell.swift */; };
		8958997A2A9C37DF00F1BF8B /* SearchCollectionViewCell.swift in Sources */ = {isa = PBXBuildFile; fileRef = 895899792A9C37DF00F1BF8B /* SearchCollectionViewCell.swift */; };
		8958997D2A9D7AB900F1BF8B /* NSNotification+.swift in Sources */ = {isa = PBXBuildFile; fileRef = 8958997C2A9D7AB900F1BF8B /* NSNotification+.swift */; };
		895899802A9D7C8100F1BF8B /* DateView.swift in Sources */ = {isa = PBXBuildFile; fileRef = 8958997F2A9D7C8100F1BF8B /* DateView.swift */; };
		895899832A9D7D3800F1BF8B /* DateViewController.swift in Sources */ = {isa = PBXBuildFile; fileRef = 895899822A9D7D3800F1BF8B /* DateViewController.swift */; };
		895899852A9D8E8400F1BF8B /* DateFormatter+.swift in Sources */ = {isa = PBXBuildFile; fileRef = 895899842A9D8E8400F1BF8B /* DateFormatter+.swift */; };
		895899B32A9D9C1A00F1BF8B /* SeSACPhotoFramework.framework in Frameworks */ = {isa = PBXBuildFile; fileRef = 895899B12A9D9BA500F1BF8B /* SeSACPhotoFramework.framework */; };
		895899B42A9D9C1A00F1BF8B /* SeSACPhotoFramework.framework in Embed Frameworks */ = {isa = PBXBuildFile; fileRef = 895899B12A9D9BA500F1BF8B /* SeSACPhotoFramework.framework */; settings = {ATTRIBUTES = (CodeSignOnCopy, RemoveHeadersOnCopy, ); }; };
		895899B82A9DB55400F1BF8B /* TitleViewController.swift in Sources */ = {isa = PBXBuildFile; fileRef = 895899B72A9DB55400F1BF8B /* TitleViewController.swift */; };
		895899BB2A9DC0E300F1BF8B /* ContentViewController.swift in Sources */ = {isa = PBXBuildFile; fileRef = 895899BA2A9DC0E300F1BF8B /* ContentViewController.swift */; };
		895899BD2A9DC75100F1BF8B /* WebViewController.swift in Sources */ = {isa = PBXBuildFile; fileRef = 895899BC2A9DC75100F1BF8B /* WebViewController.swift */; };
		895899E22A9EC74900F1BF8B /* APIService.swift in Sources */ = {isa = PBXBuildFile; fileRef = 895899E12A9EC74900F1BF8B /* APIService.swift */; };
		895899E42A9EEBD300F1BF8B /* URLSessionViewController.swift in Sources */ = {isa = PBXBuildFile; fileRef = 895899E32A9EEBD300F1BF8B /* URLSessionViewController.swift */; };
/* End PBXBuildFile section */

/* Begin PBXContainerItemProxy section */
		895899B02A9D9BA500F1BF8B /* PBXContainerItemProxy */ = {
			isa = PBXContainerItemProxy;
			containerPortal = 895899AC2A9D9BA500F1BF8B /* SeSACPhotoFramework.xcodeproj */;
			proxyType = 2;
			remoteGlobalIDString = 895899902A9D92B100F1BF8B;
			remoteInfo = SeSACPhotoFramework;
		};
/* End PBXContainerItemProxy section */

/* Begin PBXCopyFilesBuildPhase section */
		895899B52A9D9C1A00F1BF8B /* Embed Frameworks */ = {
			isa = PBXCopyFilesBuildPhase;
			buildActionMask = 2147483647;
			dstPath = "";
			dstSubfolderSpec = 10;
			files = (
				895899B42A9D9C1A00F1BF8B /* SeSACPhotoFramework.framework in Embed Frameworks */,
			);
			name = "Embed Frameworks";
			runOnlyForDeploymentPostprocessing = 0;
		};
/* End PBXCopyFilesBuildPhase section */

/* Begin PBXFileReference section */
		895899502A9C1DA400F1BF8B /* SeSAC3PhotoGram.app */ = {isa = PBXFileReference; explicitFileType = wrapper.application; includeInIndex = 0; path = SeSAC3PhotoGram.app; sourceTree = BUILT_PRODUCTS_DIR; };
		895899532A9C1DA400F1BF8B /* AppDelegate.swift */ = {isa = PBXFileReference; lastKnownFileType = sourcecode.swift; path = AppDelegate.swift; sourceTree = "<group>"; };
		895899552A9C1DA400F1BF8B /* SceneDelegate.swift */ = {isa = PBXFileReference; lastKnownFileType = sourcecode.swift; path = SceneDelegate.swift; sourceTree = "<group>"; };
		895899572A9C1DA400F1BF8B /* AddViewController.swift */ = {isa = PBXFileReference; lastKnownFileType = sourcecode.swift; path = AddViewController.swift; sourceTree = "<group>"; };
		8958995C2A9C1DA500F1BF8B /* Assets.xcassets */ = {isa = PBXFileReference; lastKnownFileType = folder.assetcatalog; path = Assets.xcassets; sourceTree = "<group>"; };
		8958995F2A9C1DA500F1BF8B /* Base */ = {isa = PBXFileReference; lastKnownFileType = file.storyboard; name = Base; path = Base.lproj/LaunchScreen.storyboard; sourceTree = "<group>"; };
		895899612A9C1DA500F1BF8B /* Info.plist */ = {isa = PBXFileReference; lastKnownFileType = text.plist.xml; path = Info.plist; sourceTree = "<group>"; };
		8958996A2A9C243200F1BF8B /* BaseViewController.swift */ = {isa = PBXFileReference; lastKnownFileType = sourcecode.swift; path = BaseViewController.swift; sourceTree = "<group>"; };
		8958996E2A9C276200F1BF8B /* SearchViewController.swift */ = {isa = PBXFileReference; lastKnownFileType = sourcecode.swift; path = SearchViewController.swift; sourceTree = "<group>"; };
		895899702A9C2EC700F1BF8B /* BaseView.swift */ = {isa = PBXFileReference; lastKnownFileType = sourcecode.swift; path = BaseView.swift; sourceTree = "<group>"; };
		895899732A9C300600F1BF8B /* AddView.swift */ = {isa = PBXFileReference; lastKnownFileType = sourcecode.swift; path = AddView.swift; sourceTree = "<group>"; };
		895899752A9C337B00F1BF8B /* SearchView.swift */ = {isa = PBXFileReference; lastKnownFileType = sourcecode.swift; path = SearchView.swift; sourceTree = "<group>"; };
		895899772A9C365A00F1BF8B /* BaseCollectionViewCell.swift */ = {isa = PBXFileReference; lastKnownFileType = sourcecode.swift; path = BaseCollectionViewCell.swift; sourceTree = "<group>"; };
		895899792A9C37DF00F1BF8B /* SearchCollectionViewCell.swift */ = {isa = PBXFileReference; lastKnownFileType = sourcecode.swift; path = SearchCollectionViewCell.swift; sourceTree = "<group>"; };
		8958997C2A9D7AB900F1BF8B /* NSNotification+.swift */ = {isa = PBXFileReference; lastKnownFileType = sourcecode.swift; path = "NSNotification+.swift"; sourceTree = "<group>"; };
		8958997F2A9D7C8100F1BF8B /* DateView.swift */ = {isa = PBXFileReference; lastKnownFileType = sourcecode.swift; path = DateView.swift; sourceTree = "<group>"; };
		895899822A9D7D3800F1BF8B /* DateViewController.swift */ = {isa = PBXFileReference; lastKnownFileType = sourcecode.swift; path = DateViewController.swift; sourceTree = "<group>"; };
		895899842A9D8E8400F1BF8B /* DateFormatter+.swift */ = {isa = PBXFileReference; lastKnownFileType = sourcecode.swift; path = "DateFormatter+.swift"; sourceTree = "<group>"; };
		895899AC2A9D9BA500F1BF8B /* SeSACPhotoFramework.xcodeproj */ = {isa = PBXFileReference; lastKnownFileType = "wrapper.pb-project"; name = SeSACPhotoFramework.xcodeproj; path = ../SeSACPhotoFramework/SeSACPhotoFramework.xcodeproj; sourceTree = "<group>"; };
		895899B72A9DB55400F1BF8B /* TitleViewController.swift */ = {isa = PBXFileReference; lastKnownFileType = sourcecode.swift; path = TitleViewController.swift; sourceTree = "<group>"; };
		895899BA2A9DC0E300F1BF8B /* ContentViewController.swift */ = {isa = PBXFileReference; lastKnownFileType = sourcecode.swift; path = ContentViewController.swift; sourceTree = "<group>"; };
		895899BC2A9DC75100F1BF8B /* WebViewController.swift */ = {isa = PBXFileReference; lastKnownFileType = sourcecode.swift; path = WebViewController.swift; sourceTree = "<group>"; };
		895899E12A9EC74900F1BF8B /* APIService.swift */ = {isa = PBXFileReference; lastKnownFileType = sourcecode.swift; path = APIService.swift; sourceTree = "<group>"; };
		895899E32A9EEBD300F1BF8B /* URLSessionViewController.swift */ = {isa = PBXFileReference; lastKnownFileType = sourcecode.swift; path = URLSessionViewController.swift; sourceTree = "<group>"; };
/* End PBXFileReference section */

/* Begin PBXFrameworksBuildPhase section */
		8958994D2A9C1DA400F1BF8B /* Frameworks */ = {
			isa = PBXFrameworksBuildPhase;
			buildActionMask = 2147483647;
			files = (
				895899B32A9D9C1A00F1BF8B /* SeSACPhotoFramework.framework in Frameworks */,
				895899692A9C1E3300F1BF8B /* SnapKit in Frameworks */,
			);
			runOnlyForDeploymentPostprocessing = 0;
		};
/* End PBXFrameworksBuildPhase section */

/* Begin PBXGroup section */
		895899472A9C1DA400F1BF8B = {
			isa = PBXGroup;
			children = (
				895899AC2A9D9BA500F1BF8B /* SeSACPhotoFramework.xcodeproj */,
				895899522A9C1DA400F1BF8B /* SeSAC3PhotoGram */,
				895899512A9C1DA400F1BF8B /* Products */,
				895899B22A9D9C1A00F1BF8B /* Frameworks */,
			);
			sourceTree = "<group>";
		};
		895899512A9C1DA400F1BF8B /* Products */ = {
			isa = PBXGroup;
			children = (
				895899502A9C1DA400F1BF8B /* SeSAC3PhotoGram.app */,
			);
			name = Products;
			sourceTree = "<group>";
		};
		895899522A9C1DA400F1BF8B /* SeSAC3PhotoGram */ = {
			isa = PBXGroup;
			children = (
				895899BC2A9DC75100F1BF8B /* WebViewController.swift */,
				8958997E2A9D7BD200F1BF8B /* Application */,
				895899E02A9EC73700F1BF8B /* Network */,
				895899722A9C2FD300F1BF8B /* Add */,
				895899812A9D7D2800F1BF8B /* Date */,
				895899B62A9DB53E00F1BF8B /* Title */,
				895899B92A9DC0D100F1BF8B /* Content */,
				8958996D2A9C272D00F1BF8B /* Search */,
				8958996C2A9C244C00F1BF8B /* Base */,
				8958997B2A9D7AA900F1BF8B /* Extension */,
				895899612A9C1DA500F1BF8B /* Info.plist */,
			);
			path = SeSAC3PhotoGram;
			sourceTree = "<group>";
		};
		8958996C2A9C244C00F1BF8B /* Base */ = {
			isa = PBXGroup;
			children = (
				8958996A2A9C243200F1BF8B /* BaseViewController.swift */,
				895899702A9C2EC700F1BF8B /* BaseView.swift */,
				895899772A9C365A00F1BF8B /* BaseCollectionViewCell.swift */,
			);
			path = Base;
			sourceTree = "<group>";
		};
		8958996D2A9C272D00F1BF8B /* Search */ = {
			isa = PBXGroup;
			children = (
				8958996E2A9C276200F1BF8B /* SearchViewController.swift */,
				895899752A9C337B00F1BF8B /* SearchView.swift */,
				895899792A9C37DF00F1BF8B /* SearchCollectionViewCell.swift */,
			);
			path = Search;
			sourceTree = "<group>";
		};
		895899722A9C2FD300F1BF8B /* Add */ = {
			isa = PBXGroup;
			children = (
				895899572A9C1DA400F1BF8B /* AddViewController.swift */,
				895899732A9C300600F1BF8B /* AddView.swift */,
			);
			path = Add;
			sourceTree = "<group>";
		};
		8958997B2A9D7AA900F1BF8B /* Extension */ = {
			isa = PBXGroup;
			children = (
				8958997C2A9D7AB900F1BF8B /* NSNotification+.swift */,
				895899842A9D8E8400F1BF8B /* DateFormatter+.swift */,
			);
			path = Extension;
			sourceTree = "<group>";
		};
		8958997E2A9D7BD200F1BF8B /* Application */ = {
			isa = PBXGroup;
			children = (
				895899532A9C1DA400F1BF8B /* AppDelegate.swift */,
				895899552A9C1DA400F1BF8B /* SceneDelegate.swift */,
				8958995C2A9C1DA500F1BF8B /* Assets.xcassets */,
				8958995E2A9C1DA500F1BF8B /* LaunchScreen.storyboard */,
			);
			path = Application;
			sourceTree = "<group>";
		};
		895899812A9D7D2800F1BF8B /* Date */ = {
			isa = PBXGroup;
			children = (
				8958997F2A9D7C8100F1BF8B /* DateView.swift */,
				895899822A9D7D3800F1BF8B /* DateViewController.swift */,
			);
			path = Date;
			sourceTree = "<group>";
		};
		895899AD2A9D9BA500F1BF8B /* Products */ = {
			isa = PBXGroup;
			children = (
				895899B12A9D9BA500F1BF8B /* SeSACPhotoFramework.framework */,
			);
			name = Products;
			sourceTree = "<group>";
		};
		895899B22A9D9C1A00F1BF8B /* Frameworks */ = {
			isa = PBXGroup;
			children = (
			);
			name = Frameworks;
			sourceTree = "<group>";
		};
		895899B62A9DB53E00F1BF8B /* Title */ = {
			isa = PBXGroup;
			children = (
				895899B72A9DB55400F1BF8B /* TitleViewController.swift */,
			);
			path = Title;
			sourceTree = "<group>";
		};
		895899B92A9DC0D100F1BF8B /* Content */ = {
			isa = PBXGroup;
			children = (
				895899BA2A9DC0E300F1BF8B /* ContentViewController.swift */,
			);
			path = Content;
			sourceTree = "<group>";
		};
		895899E02A9EC73700F1BF8B /* Network */ = {
			isa = PBXGroup;
			children = (
				895899E12A9EC74900F1BF8B /* APIService.swift */,
				895899E32A9EEBD300F1BF8B /* URLSessionViewController.swift */,
			);
			path = Network;
			sourceTree = "<group>";
		};
/* End PBXGroup section */

/* Begin PBXNativeTarget section */
		8958994F2A9C1DA400F1BF8B /* SeSAC3PhotoGram */ = {
			isa = PBXNativeTarget;
			buildConfigurationList = 895899642A9C1DA500F1BF8B /* Build configuration list for PBXNativeTarget "SeSAC3PhotoGram" */;
			buildPhases = (
				8958994C2A9C1DA400F1BF8B /* Sources */,
				8958994D2A9C1DA400F1BF8B /* Frameworks */,
				8958994E2A9C1DA400F1BF8B /* Resources */,
				895899B52A9D9C1A00F1BF8B /* Embed Frameworks */,
			);
			buildRules = (
			);
			dependencies = (
			);
			name = SeSAC3PhotoGram;
			packageProductDependencies = (
				895899682A9C1E3300F1BF8B /* SnapKit */,
			);
			productName = SeSAC3PhotoGram;
			productReference = 895899502A9C1DA400F1BF8B /* SeSAC3PhotoGram.app */;
			productType = "com.apple.product-type.application";
		};
/* End PBXNativeTarget section */

/* Begin PBXProject section */
		895899482A9C1DA400F1BF8B /* Project object */ = {
			isa = PBXProject;
			attributes = {
				BuildIndependentTargetsInParallel = 1;
				LastSwiftUpdateCheck = 1430;
				LastUpgradeCheck = 1430;
				TargetAttributes = {
					8958994F2A9C1DA400F1BF8B = {
						CreatedOnToolsVersion = 14.3.1;
					};
				};
			};
			buildConfigurationList = 8958994B2A9C1DA400F1BF8B /* Build configuration list for PBXProject "SeSAC3PhotoGram" */;
			compatibilityVersion = "Xcode 14.0";
			developmentRegion = en;
			hasScannedForEncodings = 0;
			knownRegions = (
				en,
				Base,
			);
			mainGroup = 895899472A9C1DA400F1BF8B;
			packageReferences = (
				895899672A9C1E3200F1BF8B /* XCRemoteSwiftPackageReference "SnapKit" */,
			);
			productRefGroup = 895899512A9C1DA400F1BF8B /* Products */;
			projectDirPath = "";
			projectReferences = (
				{
					ProductGroup = 895899AD2A9D9BA500F1BF8B /* Products */;
					ProjectRef = 895899AC2A9D9BA500F1BF8B /* SeSACPhotoFramework.xcodeproj */;
				},
			);
			projectRoot = "";
			targets = (
				8958994F2A9C1DA400F1BF8B /* SeSAC3PhotoGram */,
			);
		};
/* End PBXProject section */

/* Begin PBXReferenceProxy section */
		895899B12A9D9BA500F1BF8B /* SeSACPhotoFramework.framework */ = {
			isa = PBXReferenceProxy;
			fileType = wrapper.framework;
			path = SeSACPhotoFramework.framework;
			remoteRef = 895899B02A9D9BA500F1BF8B /* PBXContainerItemProxy */;
			sourceTree = BUILT_PRODUCTS_DIR;
		};
/* End PBXReferenceProxy section */

/* Begin PBXResourcesBuildPhase section */
		8958994E2A9C1DA400F1BF8B /* Resources */ = {
			isa = PBXResourcesBuildPhase;
			buildActionMask = 2147483647;
			files = (
				895899602A9C1DA500F1BF8B /* LaunchScreen.storyboard in Resources */,
				8958995D2A9C1DA500F1BF8B /* Assets.xcassets in Resources */,
			);
			runOnlyForDeploymentPostprocessing = 0;
		};
/* End PBXResourcesBuildPhase section */

/* Begin PBXSourcesBuildPhase section */
		8958994C2A9C1DA400F1BF8B /* Sources */ = {
			isa = PBXSourcesBuildPhase;
			buildActionMask = 2147483647;
			files = (
				895899BB2A9DC0E300F1BF8B /* ContentViewController.swift in Sources */,
				895899742A9C300600F1BF8B /* AddView.swift in Sources */,
				8958996F2A9C276200F1BF8B /* SearchViewController.swift in Sources */,
				895899782A9C365A00F1BF8B /* BaseCollectionViewCell.swift in Sources */,
				895899582A9C1DA400F1BF8B /* AddViewController.swift in Sources */,
				8958997A2A9C37DF00F1BF8B /* SearchCollectionViewCell.swift in Sources */,
				895899832A9D7D3800F1BF8B /* DateViewController.swift in Sources */,
				8958997D2A9D7AB900F1BF8B /* NSNotification+.swift in Sources */,
				895899802A9D7C8100F1BF8B /* DateView.swift in Sources */,
				8958996B2A9C243200F1BF8B /* BaseViewController.swift in Sources */,
				895899E42A9EEBD300F1BF8B /* URLSessionViewController.swift in Sources */,
				895899762A9C337B00F1BF8B /* SearchView.swift in Sources */,
				895899852A9D8E8400F1BF8B /* DateFormatter+.swift in Sources */,
				895899BD2A9DC75100F1BF8B /* WebViewController.swift in Sources */,
				895899712A9C2EC700F1BF8B /* BaseView.swift in Sources */,
				895899542A9C1DA400F1BF8B /* AppDelegate.swift in Sources */,
				895899562A9C1DA400F1BF8B /* SceneDelegate.swift in Sources */,
				895899E22A9EC74900F1BF8B /* APIService.swift in Sources */,
				895899B82A9DB55400F1BF8B /* TitleViewController.swift in Sources */,
			);
			runOnlyForDeploymentPostprocessing = 0;
		};
/* End PBXSourcesBuildPhase section */

/* Begin PBXVariantGroup section */
		8958995E2A9C1DA500F1BF8B /* LaunchScreen.storyboard */ = {
			isa = PBXVariantGroup;
			children = (
				8958995F2A9C1DA500F1BF8B /* Base */,
			);
			name = LaunchScreen.storyboard;
			sourceTree = "<group>";
		};
/* End PBXVariantGroup section */

/* Begin XCBuildConfiguration section */
		895899622A9C1DA500F1BF8B /* Debug */ = {
			isa = XCBuildConfiguration;
			buildSettings = {
				ALWAYS_SEARCH_USER_PATHS = NO;
				CLANG_ANALYZER_NONNULL = YES;
				CLANG_ANALYZER_NUMBER_OBJECT_CONVERSION = YES_AGGRESSIVE;
				CLANG_CXX_LANGUAGE_STANDARD = "gnu++20";
				CLANG_ENABLE_MODULES = YES;
				CLANG_ENABLE_OBJC_ARC = YES;
				CLANG_ENABLE_OBJC_WEAK = YES;
				CLANG_WARN_BLOCK_CAPTURE_AUTORELEASING = YES;
				CLANG_WARN_BOOL_CONVERSION = YES;
				CLANG_WARN_COMMA = YES;
				CLANG_WARN_CONSTANT_CONVERSION = YES;
				CLANG_WARN_DEPRECATED_OBJC_IMPLEMENTATIONS = YES;
				CLANG_WARN_DIRECT_OBJC_ISA_USAGE = YES_ERROR;
				CLANG_WARN_DOCUMENTATION_COMMENTS = YES;
				CLANG_WARN_EMPTY_BODY = YES;
				CLANG_WARN_ENUM_CONVERSION = YES;
				CLANG_WARN_INFINITE_RECURSION = YES;
				CLANG_WARN_INT_CONVERSION = YES;
				CLANG_WARN_NON_LITERAL_NULL_CONVERSION = YES;
				CLANG_WARN_OBJC_IMPLICIT_RETAIN_SELF = YES;
				CLANG_WARN_OBJC_LITERAL_CONVERSION = YES;
				CLANG_WARN_OBJC_ROOT_CLASS = YES_ERROR;
				CLANG_WARN_QUOTED_INCLUDE_IN_FRAMEWORK_HEADER = YES;
				CLANG_WARN_RANGE_LOOP_ANALYSIS = YES;
				CLANG_WARN_STRICT_PROTOTYPES = YES;
				CLANG_WARN_SUSPICIOUS_MOVE = YES;
				CLANG_WARN_UNGUARDED_AVAILABILITY = YES_AGGRESSIVE;
				CLANG_WARN_UNREACHABLE_CODE = YES;
				CLANG_WARN__DUPLICATE_METHOD_MATCH = YES;
				COPY_PHASE_STRIP = NO;
				DEBUG_INFORMATION_FORMAT = dwarf;
				ENABLE_STRICT_OBJC_MSGSEND = YES;
				ENABLE_TESTABILITY = YES;
				GCC_C_LANGUAGE_STANDARD = gnu11;
				GCC_DYNAMIC_NO_PIC = NO;
				GCC_NO_COMMON_BLOCKS = YES;
				GCC_OPTIMIZATION_LEVEL = 0;
				GCC_PREPROCESSOR_DEFINITIONS = (
					"DEBUG=1",
					"$(inherited)",
				);
				GCC_WARN_64_TO_32_BIT_CONVERSION = YES;
				GCC_WARN_ABOUT_RETURN_TYPE = YES_ERROR;
				GCC_WARN_UNDECLARED_SELECTOR = YES;
				GCC_WARN_UNINITIALIZED_AUTOS = YES_AGGRESSIVE;
				GCC_WARN_UNUSED_FUNCTION = YES;
				GCC_WARN_UNUSED_VARIABLE = YES;
				IPHONEOS_DEPLOYMENT_TARGET = 16.4;
				MTL_ENABLE_DEBUG_INFO = INCLUDE_SOURCE;
				MTL_FAST_MATH = YES;
				ONLY_ACTIVE_ARCH = YES;
				SDKROOT = iphoneos;
				SWIFT_ACTIVE_COMPILATION_CONDITIONS = DEBUG;
				SWIFT_OPTIMIZATION_LEVEL = "-Onone";
			};
			name = Debug;
		};
		895899632A9C1DA500F1BF8B /* Release */ = {
			isa = XCBuildConfiguration;
			buildSettings = {
				ALWAYS_SEARCH_USER_PATHS = NO;
				CLANG_ANALYZER_NONNULL = YES;
				CLANG_ANALYZER_NUMBER_OBJECT_CONVERSION = YES_AGGRESSIVE;
				CLANG_CXX_LANGUAGE_STANDARD = "gnu++20";
				CLANG_ENABLE_MODULES = YES;
				CLANG_ENABLE_OBJC_ARC = YES;
				CLANG_ENABLE_OBJC_WEAK = YES;
				CLANG_WARN_BLOCK_CAPTURE_AUTORELEASING = YES;
				CLANG_WARN_BOOL_CONVERSION = YES;
				CLANG_WARN_COMMA = YES;
				CLANG_WARN_CONSTANT_CONVERSION = YES;
				CLANG_WARN_DEPRECATED_OBJC_IMPLEMENTATIONS = YES;
				CLANG_WARN_DIRECT_OBJC_ISA_USAGE = YES_ERROR;
				CLANG_WARN_DOCUMENTATION_COMMENTS = YES;
				CLANG_WARN_EMPTY_BODY = YES;
				CLANG_WARN_ENUM_CONVERSION = YES;
				CLANG_WARN_INFINITE_RECURSION = YES;
				CLANG_WARN_INT_CONVERSION = YES;
				CLANG_WARN_NON_LITERAL_NULL_CONVERSION = YES;
				CLANG_WARN_OBJC_IMPLICIT_RETAIN_SELF = YES;
				CLANG_WARN_OBJC_LITERAL_CONVERSION = YES;
				CLANG_WARN_OBJC_ROOT_CLASS = YES_ERROR;
				CLANG_WARN_QUOTED_INCLUDE_IN_FRAMEWORK_HEADER = YES;
				CLANG_WARN_RANGE_LOOP_ANALYSIS = YES;
				CLANG_WARN_STRICT_PROTOTYPES = YES;
				CLANG_WARN_SUSPICIOUS_MOVE = YES;
				CLANG_WARN_UNGUARDED_AVAILABILITY = YES_AGGRESSIVE;
				CLANG_WARN_UNREACHABLE_CODE = YES;
				CLANG_WARN__DUPLICATE_METHOD_MATCH = YES;
				COPY_PHASE_STRIP = NO;
				DEBUG_INFORMATION_FORMAT = "dwarf-with-dsym";
				ENABLE_NS_ASSERTIONS = NO;
				ENABLE_STRICT_OBJC_MSGSEND = YES;
				GCC_C_LANGUAGE_STANDARD = gnu11;
				GCC_NO_COMMON_BLOCKS = YES;
				GCC_WARN_64_TO_32_BIT_CONVERSION = YES;
				GCC_WARN_ABOUT_RETURN_TYPE = YES_ERROR;
				GCC_WARN_UNDECLARED_SELECTOR = YES;
				GCC_WARN_UNINITIALIZED_AUTOS = YES_AGGRESSIVE;
				GCC_WARN_UNUSED_FUNCTION = YES;
				GCC_WARN_UNUSED_VARIABLE = YES;
				IPHONEOS_DEPLOYMENT_TARGET = 16.4;
				MTL_ENABLE_DEBUG_INFO = NO;
				MTL_FAST_MATH = YES;
				SDKROOT = iphoneos;
				SWIFT_COMPILATION_MODE = wholemodule;
				SWIFT_OPTIMIZATION_LEVEL = "-O";
				VALIDATE_PRODUCT = YES;
			};
			name = Release;
		};
		895899652A9C1DA500F1BF8B /* Debug */ = {
			isa = XCBuildConfiguration;
			buildSettings = {
				ASSETCATALOG_COMPILER_APPICON_NAME = AppIcon;
				ASSETCATALOG_COMPILER_GLOBAL_ACCENT_COLOR_NAME = AccentColor;
				CODE_SIGN_STYLE = Automatic;
				CURRENT_PROJECT_VERSION = 1;
				DEVELOPMENT_TEAM = 67D46DJNPH;
				GENERATE_INFOPLIST_FILE = YES;
				INFOPLIST_FILE = SeSAC3PhotoGram/Info.plist;
				INFOPLIST_KEY_UIApplicationSupportsIndirectInputEvents = YES;
				INFOPLIST_KEY_UILaunchStoryboardName = LaunchScreen;
				INFOPLIST_KEY_UISupportedInterfaceOrientations_iPad = "UIInterfaceOrientationPortrait UIInterfaceOrientationPortraitUpsideDown UIInterfaceOrientationLandscapeLeft UIInterfaceOrientationLandscapeRight";
				INFOPLIST_KEY_UISupportedInterfaceOrientations_iPhone = "UIInterfaceOrientationPortrait UIInterfaceOrientationLandscapeLeft UIInterfaceOrientationLandscapeRight";
				LD_RUNPATH_SEARCH_PATHS = (
					"$(inherited)",
					"@executable_path/Frameworks",
				);
				MARKETING_VERSION = 1.0;
				PRODUCT_BUNDLE_IDENTIFIER = com.yescoachdev.SeSAC3PhotoGram;
				PRODUCT_NAME = "$(TARGET_NAME)";
				SWIFT_EMIT_LOC_STRINGS = YES;
				SWIFT_VERSION = 5.0;
				TARGETED_DEVICE_FAMILY = "1,2";
			};
			name = Debug;
		};
		895899662A9C1DA500F1BF8B /* Release */ = {
			isa = XCBuildConfiguration;
			buildSettings = {
				ASSETCATALOG_COMPILER_APPICON_NAME = AppIcon;
				ASSETCATALOG_COMPILER_GLOBAL_ACCENT_COLOR_NAME = AccentColor;
				CODE_SIGN_STYLE = Automatic;
				CURRENT_PROJECT_VERSION = 1;
				DEVELOPMENT_TEAM = 67D46DJNPH;
				GENERATE_INFOPLIST_FILE = YES;
				INFOPLIST_FILE = SeSAC3PhotoGram/Info.plist;
				INFOPLIST_KEY_UIApplicationSupportsIndirectInputEvents = YES;
				INFOPLIST_KEY_UILaunchStoryboardName = LaunchScreen;
				INFOPLIST_KEY_UISupportedInterfaceOrientations_iPad = "UIInterfaceOrientationPortrait UIInterfaceOrientationPortraitUpsideDown UIInterfaceOrientationLandscapeLeft UIInterfaceOrientationLandscapeRight";
				INFOPLIST_KEY_UISupportedInterfaceOrientations_iPhone = "UIInterfaceOrientationPortrait UIInterfaceOrientationLandscapeLeft UIInterfaceOrientationLandscapeRight";
				LD_RUNPATH_SEARCH_PATHS = (
					"$(inherited)",
					"@executable_path/Frameworks",
				);
				MARKETING_VERSION = 1.0;
				PRODUCT_BUNDLE_IDENTIFIER = com.yescoachdev.SeSAC3PhotoGram;
				PRODUCT_NAME = "$(TARGET_NAME)";
				SWIFT_EMIT_LOC_STRINGS = YES;
				SWIFT_VERSION = 5.0;
				TARGETED_DEVICE_FAMILY = "1,2";
			};
			name = Release;
		};
/* End XCBuildConfiguration section */

/* Begin XCConfigurationList section */
		8958994B2A9C1DA400F1BF8B /* Build configuration list for PBXProject "SeSAC3PhotoGram" */ = {
			isa = XCConfigurationList;
			buildConfigurations = (
				895899622A9C1DA500F1BF8B /* Debug */,
				895899632A9C1DA500F1BF8B /* Release */,
			);
			defaultConfigurationIsVisible = 0;
			defaultConfigurationName = Release;
		};
		895899642A9C1DA500F1BF8B /* Build configuration list for PBXNativeTarget "SeSAC3PhotoGram" */ = {
			isa = XCConfigurationList;
			buildConfigurations = (
				895899652A9C1DA500F1BF8B /* Debug */,
				895899662A9C1DA500F1BF8B /* Release */,
			);
			defaultConfigurationIsVisible = 0;
			defaultConfigurationName = Release;
		};
/* End XCConfigurationList section */

/* Begin XCRemoteSwiftPackageReference section */
		895899672A9C1E3200F1BF8B /* XCRemoteSwiftPackageReference "SnapKit" */ = {
			isa = XCRemoteSwiftPackageReference;
			repositoryURL = "https://github.com/SnapKit/SnapKit";
			requirement = {
				kind = upToNextMajorVersion;
				minimumVersion = 5.0.0;
			};
		};
/* End XCRemoteSwiftPackageReference section */

/* Begin XCSwiftPackageProductDependency section */
		895899682A9C1E3300F1BF8B /* SnapKit */ = {
			isa = XCSwiftPackageProductDependency;
			package = 895899672A9C1E3200F1BF8B /* XCRemoteSwiftPackageReference "SnapKit" */;
			productName = SnapKit;
		};
/* End XCSwiftPackageProductDependency section */
	};
	rootObject = 895899482A9C1DA400F1BF8B /* Project object */;
}
